
Microsoft Visual Studio Solution File, Format Version 12.00
# Visual Studio Version 17
VisualStudioVersion = 17.9.34902.65
MinimumVisualStudioVersion = 10.0.40219.1
Project("{9A19103F-16F7-4668-BE54-9A1E7A4F7556}") = "PcPartManagementSystems", "PcPartManagementSystems\PcPartManagementSystems.csproj", "{C0CC8561-95EA-46D0-BA7E-94D5589097E6}"
EndProject
Project("{9A19103F-16F7-4668-BE54-9A1E7A4F7556}") = "bl", "bl\bl.csproj", "{84DB327B-4E41-4D8D-9EDF-967A55848255}"
EndProject
Global
	GlobalSection(SolutionConfigurationPlatforms) = preSolution
		Debug|Any CPU = Debug|Any CPU
		Release|Any CPU = Release|Any CPU
	EndGlobalSection
	GlobalSection(ProjectConfigurationPlatforms) = postSolution
		{C0CC8561-95EA-46D0-BA7E-94D5589097E6}.Debug|Any CPU.ActiveCfg = Debug|Any CPU
		{C0CC8561-95EA-46D0-BA7E-94D5589097E6}.Debug|Any CPU.Build.0 = Debug|Any CPU
		{C0CC8561-95EA-46D0-BA7E-94D5589097E6}.Release|Any CPU.ActiveCfg = Release|Any CPU
		{C0CC8561-95EA-46D0-BA7E-94D5589097E6}.Release|Any CPU.Build.0 = Release|Any CPU
		{84DB327B-4E41-4D8D-9EDF-967A55848255}.Debug|Any CPU.ActiveCfg = Debug|Any CPU
		{84DB327B-4E41-4D8D-9EDF-967A55848255}.Debug|Any CPU.Build.0 = Debug|Any CPU
		{84DB327B-4E41-4D8D-9EDF-967A55848255}.Release|Any CPU.ActiveCfg = Release|Any CPU
		{84DB327B-4E41-4D8D-9EDF-967A55848255}.Release|Any CPU.Build.0 = Release|Any CPU
	EndGlobalSection
	GlobalSection(SolutionProperties) = preSolution
		HideSolutionNode = FALSE
	EndGlobalSection
	GlobalSection(ExtensibilityGlobals) = postSolution
		SolutionGuid = {4CAC14D9-75EA-4468-A087-7B8D78D28D11}
	EndGlobalSection
EndGlobal
